// !$*UTF8*$!
{
	archiveVersion = 1;
	classes = {
	};
	objectVersion = 46;
	objects = {

/* Begin PBXBuildFile section */
		125FB9241DED08B60094D651 /* main.m in Sources */ = {isa = PBXBuildFile; fileRef = 125FB9231DED08B60094D651 /* main.m */; };
		125FB9271DED08B60094D651 /* AppDelegate.m in Sources */ = {isa = PBXBuildFile; fileRef = 125FB9261DED08B60094D651 /* AppDelegate.m */; };
		125FB92A1DED08B60094D651 /* ViewController.m in Sources */ = {isa = PBXBuildFile; fileRef = 125FB9291DED08B60094D651 /* ViewController.m */; };
		125FB92D1DED08B70094D651 /* Main.storyboard in Resources */ = {isa = PBXBuildFile; fileRef = 125FB92B1DED08B70094D651 /* Main.storyboard */; };
		125FB92F1DED08B70094D651 /* Assets.xcassets in Resources */ = {isa = PBXBuildFile; fileRef = 125FB92E1DED08B70094D651 /* Assets.xcassets */; };
		125FB9321DED08B70094D651 /* LaunchScreen.storyboard in Resources */ = {isa = PBXBuildFile; fileRef = 125FB9301DED08B70094D651 /* LaunchScreen.storyboard */; };
		125FB9431DED08EE0094D651 /* Arrow.png in Resources */ = {isa = PBXBuildFile; fileRef = 125FB93A1DED08EE0094D651 /* Arrow.png */; };
		125FB9441DED08EE0094D651 /* FoldingSectionHeader.m in Sources */ = {isa = PBXBuildFile; fileRef = 125FB93D1DED08EE0094D651 /* FoldingSectionHeader.m */; };
		125FB9451DED08EE0094D651 /* FoldingTableView.m in Sources */ = {isa = PBXBuildFile; fileRef = 125FB93F1DED08EE0094D651 /* FoldingTableView.m */; };
		125FB9461DED08EE0094D651 /* Network.m in Sources */ = {isa = PBXBuildFile; fileRef = 125FB9421DED08EE0094D651 /* Network.m */; };
		125FB9491DED08FA0094D651 /* TestViewController.m in Sources */ = {isa = PBXBuildFile; fileRef = 125FB9481DED08FA0094D651 /* TestViewController.m */; };
/* End PBXBuildFile section */

/* Begin PBXFileReference section */
		125FB91F1DED08B60094D651 /* FoldingCell.app */ = {isa = PBXFileReference; explicitFileType = wrapper.application; includeInIndex = 0; path = FoldingCell.app; sourceTree = BUILT_PRODUCTS_DIR; };
		125FB9231DED08B60094D651 /* main.m */ = {isa = PBXFileReference; lastKnownFileType = sourcecode.c.objc; path = main.m; sourceTree = "<group>"; };
		125FB9251DED08B60094D651 /* AppDelegate.h */ = {isa = PBXFileReference; lastKnownFileType = sourcecode.c.h; path = AppDelegate.h; sourceTree = "<group>"; };
		125FB9261DED08B60094D651 /* AppDelegate.m */ = {isa = PBXFileReference; lastKnownFileType = sourcecode.c.objc; path = AppDelegate.m; sourceTree = "<group>"; };
		125FB9281DED08B60094D651 /* ViewController.h */ = {isa = PBXFileReference; lastKnownFileType = sourcecode.c.h; path = ViewController.h; sourceTree = "<group>"; };
		125FB9291DED08B60094D651 /* ViewController.m */ = {isa = PBXFileReference; lastKnownFileType = sourcecode.c.objc; path = ViewController.m; sourceTree = "<group>"; };
		125FB92C1DED08B70094D651 /* Base */ = {isa = PBXFileReference; lastKnownFileType = file.storyboard; name = Base; path = Base.lproj/Main.storyboard; sourceTree = "<group>"; };
		125FB92E1DED08B70094D651 /* Assets.xcassets */ = {isa = PBXFileReference; lastKnownFileType = folder.assetcatalog; path = Assets.xcassets; sourceTree = "<group>"; };
		125FB9311DED08B70094D651 /* Base */ = {isa = PBXFileReference; lastKnownFileType = file.storyboard; name = Base; path = Base.lproj/LaunchScreen.storyboard; sourceTree = "<group>"; };
		125FB9331DED08B70094D651 /* Info.plist */ = {isa = PBXFileReference; lastKnownFileType = text.plist.xml; path = Info.plist; sourceTree = "<group>"; };
		125FB93A1DED08EE0094D651 /* Arrow.png */ = {isa = PBXFileReference; lastKnownFileType = image.png; path = Arrow.png; sourceTree = "<group>"; };
		125FB93B1DED08EE0094D651 /* FolderTableViewHeader.h */ = {isa = PBXFileReference; fileEncoding = 4; lastKnownFileType = sourcecode.c.h; path = FolderTableViewHeader.h; sourceTree = "<group>"; };
		125FB93C1DED08EE0094D651 /* FoldingSectionHeader.h */ = {isa = PBXFileReference; fileEncoding = 4; lastKnownFileType = sourcecode.c.h; path = FoldingSectionHeader.h; sourceTree = "<group>"; };
		125FB93D1DED08EE0094D651 /* FoldingSectionHeader.m */ = {isa = PBXFileReference; fileEncoding = 4; lastKnownFileType = sourcecode.c.objc; path = FoldingSectionHeader.m; sourceTree = "<group>"; };
		125FB93E1DED08EE0094D651 /* FoldingTableView.h */ = {isa = PBXFileReference; fileEncoding = 4; lastKnownFileType = sourcecode.c.h; path = FoldingTableView.h; sourceTree = "<group>"; };
		125FB93F1DED08EE0094D651 /* FoldingTableView.m */ = {isa = PBXFileReference; fileEncoding = 4; lastKnownFileType = sourcecode.c.objc; path = FoldingTableView.m; sourceTree = "<group>"; };
		125FB9411DED08EE0094D651 /* Network.h */ = {isa = PBXFileReference; fileEncoding = 4; lastKnownFileType = sourcecode.c.h; path = Network.h; sourceTree = "<group>"; };
		125FB9421DED08EE0094D651 /* Network.m */ = {isa = PBXFileReference; fileEncoding = 4; lastKnownFileType = sourcecode.c.objc; path = Network.m; sourceTree = "<group>"; };
		125FB9471DED08FA0094D651 /* TestViewController.h */ = {isa = PBXFileReference; fileEncoding = 4; lastKnownFileType = sourcecode.c.h; path = TestViewController.h; sourceTree = "<group>"; };
		125FB9481DED08FA0094D651 /* TestViewController.m */ = {isa = PBXFileReference; fileEncoding = 4; lastKnownFileType = sourcecode.c.objc; path = TestViewController.m; sourceTree = "<group>"; };
/* End PBXFileReference section */

/* Begin PBXFrameworksBuildPhase section */
		125FB91C1DED08B60094D651 /* Frameworks */ = {
			isa = PBXFrameworksBuildPhase;
			buildActionMask = 2147483647;
			files = (
			);
			runOnlyForDeploymentPostprocessing = 0;
		};
/* End PBXFrameworksBuildPhase section */

/* Begin PBXGroup section */
		125FB9161DED08B50094D651 = {
			isa = PBXGroup;
			children = (
				125FB9211DED08B60094D651 /* FoldingCell */,
				125FB9201DED08B60094D651 /* Products */,
			);
			sourceTree = "<group>";
		};
		125FB9201DED08B60094D651 /* Products */ = {
			isa = PBXGroup;
			children = (
				125FB91F1DED08B60094D651 /* FoldingCell.app */,
			);
			name = Products;
			sourceTree = "<group>";
		};
		125FB9211DED08B60094D651 /* FoldingCell */ = {
			isa = PBXGroup;
			children = (
				125FB9391DED08EE0094D651 /* FoldingTableView */,
				125FB9401DED08EE0094D651 /* Network */,
				125FB9251DED08B60094D651 /* AppDelegate.h */,
				125FB9261DED08B60094D651 /* AppDelegate.m */,
				125FB9281DED08B60094D651 /* ViewController.h */,
				125FB9291DED08B60094D651 /* ViewController.m */,
				125FB9471DED08FA0094D651 /* TestViewController.h */,
				125FB9481DED08FA0094D651 /* TestViewController.m */,
				125FB92B1DED08B70094D651 /* Main.storyboard */,
				125FB92E1DED08B70094D651 /* Assets.xcassets */,
				125FB9301DED08B70094D651 /* LaunchScreen.storyboard */,
				125FB9331DED08B70094D651 /* Info.plist */,
				125FB9221DED08B60094D651 /* Supporting Files */,
			);
			path = FoldingCell;
			sourceTree = "<group>";
		};
		125FB9221DED08B60094D651 /* Supporting Files */ = {
			isa = PBXGroup;
			children = (
				125FB9231DED08B60094D651 /* main.m */,
			);
			name = "Supporting Files";
			sourceTree = "<group>";
		};
		125FB9391DED08EE0094D651 /* FoldingTableView */ = {
			isa = PBXGroup;
			children = (
				125FB93A1DED08EE0094D651 /* Arrow.png */,
				125FB93B1DED08EE0094D651 /* FolderTableViewHeader.h */,
				125FB93C1DED08EE0094D651 /* FoldingSectionHeader.h */,
				125FB93D1DED08EE0094D651 /* FoldingSectionHeader.m */,
				125FB93E1DED08EE0094D651 /* FoldingTableView.h */,
				125FB93F1DED08EE0094D651 /* FoldingTableView.m */,
			);
			path = FoldingTableView;
			sourceTree = "<group>";
		};
		125FB9401DED08EE0094D651 /* Network */ = {
			isa = PBXGroup;
			children = (
				125FB9411DED08EE0094D651 /* Network.h */,
				125FB9421DED08EE0094D651 /* Network.m */,
			);
			path = Network;
			sourceTree = "<group>";
		};
/* End PBXGroup section */

/* Begin PBXNativeTarget section */
		125FB91E1DED08B60094D651 /* FoldingCell */ = {
			isa = PBXNativeTarget;
			buildConfigurationList = 125FB9361DED08B70094D651 /* Build configuration list for PBXNativeTarget "FoldingCell" */;
			buildPhases = (
				125FB91B1DED08B60094D651 /* Sources */,
				125FB91C1DED08B60094D651 /* Frameworks */,
				125FB91D1DED08B60094D651 /* Resources */,
			);
			buildRules = (
			);
			dependencies = (
			);
			name = FoldingCell;
			productName = FoldingCell;
			productReference = 125FB91F1DED08B60094D651 /* FoldingCell.app */;
			productType = "com.apple.product-type.application";
		};
/* End PBXNativeTarget section */

/* Begin PBXProject section */
		125FB9171DED08B50094D651 /* Project object */ = {
			isa = PBXProject;
			attributes = {
				LastUpgradeCheck = 0800;
				ORGANIZATIONNAME = YXT;
				TargetAttributes = {
					125FB91E1DED08B60094D651 = {
						CreatedOnToolsVersion = 8.0;
						DevelopmentTeam = T6R7E23BTG;
						ProvisioningStyle = Automatic;
					};
				};
			};
			buildConfigurationList = 125FB91A1DED08B50094D651 /* Build configuration list for PBXProject "FoldingCell" */;
			compatibilityVersion = "Xcode 3.2";
			developmentRegion = English;
			hasScannedForEncodings = 0;
			knownRegions = (
				en,
				Base,
			);
			mainGroup = 125FB9161DED08B50094D651;
			productRefGroup = 125FB9201DED08B60094D651 /* Products */;
			projectDirPath = "";
			projectRoot = "";
			targets = (
				125FB91E1DED08B60094D651 /* FoldingCell */,
			);
		};
/* End PBXProject section */

/* Begin PBXResourcesBuildPhase section */
		125FB91D1DED08B60094D651 /* Resources */ = {
			isa = PBXResourcesBuildPhase;
			buildActionMask = 2147483647;
			files = (
				125FB9321DED08B70094D651 /* LaunchScreen.storyboard in Resources */,
				125FB92F1DED08B70094D651 /* Assets.xcassets in Resources */,
				125FB92D1DED08B70094D651 /* Main.storyboard in Resources */,
				125FB9431DED08EE0094D651 /* Arrow.png in Resources */,
			);
			runOnlyForDeploymentPostprocessing = 0;
		};
/* End PBXResourcesBuildPhase section */

/* Begin PBXSourcesBuildPhase section */
		125FB91B1DED08B60094D651 /* Sources */ = {
			isa = PBXSourcesBuildPhase;
			buildActionMask = 2147483647;
			files = (
				125FB92A1DED08B60094D651 /* ViewController.m in Sources */,
				125FB9451DED08EE0094D651 /* FoldingTableView.m in Sources */,
				125FB9491DED08FA0094D651 /* TestViewController.m in Sources */,
				125FB9271DED08B60094D651 /* AppDelegate.m in Sources */,
				125FB9441DED08EE0094D651 /* FoldingSectionHeader.m in Sources */,
				125FB9461DED08EE0094D651 /* Network.m in Sources */,
				125FB9241DED08B60094D651 /* main.m in Sources */,
			);
			runOnlyForDeploymentPostprocessing = 0;
		};
/* End PBXSourcesBuildPhase section */

/* Begin PBXVariantGroup section */
		125FB92B1DED08B70094D651 /* Main.storyboard */ = {
			isa = PBXVariantGroup;
			children = (
				125FB92C1DED08B70094D651 /* Base */,
			);
			name = Main.storyboard;
			sourceTree = "<group>";
		};
		125FB9301DED08B70094D651 /* LaunchScreen.storyboard */ = {
			isa = PBXVariantGroup;
			children = (
				125FB9311DED08B70094D651 /* Base */,
			);
			name = LaunchScreen.storyboard;
			sourceTree = "<group>";
		};
/* End PBXVariantGroup section */

/* Begin XCBuildConfiguration section */
		125FB9341DED08B70094D651 /* Debug */ = {
			isa = XCBuildConfiguration;
			buildSettings = {
				ALWAYS_SEARCH_USER_PATHS = NO;
				CLANG_ANALYZER_NONNULL = YES;
				CLANG_CXX_LANGUAGE_STANDARD = "gnu++0x";
				CLANG_CXX_LIBRARY = "libc++";
				CLANG_ENABLE_MODULES = YES;
				CLANG_ENABLE_OBJC_ARC = YES;
				CLANG_WARN_BOOL_CONVERSION = YES;
				CLANG_WARN_CONSTANT_CONVERSION = YES;
				CLANG_WARN_DIRECT_OBJC_ISA_USAGE = YES_ERROR;
				CLANG_WARN_DOCUMENTATION_COMMENTS = YES;
				CLANG_WARN_EMPTY_BODY = YES;
				CLANG_WARN_ENUM_CONVERSION = YES;
				CLANG_WARN_INFINITE_RECURSION = YES;
				CLANG_WARN_INT_CONVERSION = YES;
				CLANG_WARN_OBJC_ROOT_CLASS = YES_ERROR;
				CLANG_WARN_SUSPICIOUS_MOVES = YES;
				CLANG_WARN_UNREACHABLE_CODE = YES;
				CLANG_WARN__DUPLICATE_METHOD_MATCH = YES;
				"CODE_SIGN_IDENTITY[sdk=iphoneos*]" = "iPhone Developer";
				COPY_PHASE_STRIP = NO;
				DEBUG_INFORMATION_FORMAT = dwarf;
				ENABLE_STRICT_OBJC_MSGSEND = YES;
				ENABLE_TESTABILITY = YES;
				GCC_C_LANGUAGE_STANDARD = gnu99;
				GCC_DYNAMIC_NO_PIC = NO;
				GCC_NO_COMMON_BLOCKS = YES;
				GCC_OPTIMIZATION_LEVEL = 0;
				GCC_PREPROCESSOR_DEFINITIONS = (
					"DEBUG=1",
					"$(inherited)",
				);
				GCC_WARN_64_TO_32_BIT_CONVERSION = YES;
				GCC_WARN_ABOUT_RETURN_TYPE = YES_ERROR;
				GCC_WARN_UNDECLARED_SELECTOR = YES;
				GCC_WARN_UNINITIALIZED_AUTOS = YES_AGGRESSIVE;
				GCC_WARN_UNUSED_FUNCTION = YES;
				GCC_WARN_UNUSED_VARIABLE = YES;
				IPHONEOS_DEPLOYMENT_TARGET = 10.0;
				MTL_ENABLE_DEBUG_INFO = YES;
				ONLY_ACTIVE_ARCH = YES;
				SDKROOT = iphoneos;
				TARGETED_DEVICE_FAMILY = "1,2";
			};
			name = Debug;
		};
		125FB9351DED08B70094D651 /* Release */ = {
			isa = XCBuildConfiguration;
			buildSettings = {
				ALWAYS_SEARCH_USER_PATHS = NO;
				CLANG_ANALYZER_NONNULL = YES;
				CLANG_CXX_LANGUAGE_STANDARD = "gnu++0x";
				CLANG_CXX_LIBRARY = "libc++";
				CLANG_ENABLE_MODULES = YES;
				CLANG_ENABLE_OBJC_ARC = YES;
				CLANG_WARN_BOOL_CONVERSION = YES;
				CLANG_WARN_CONSTANT_CONVERSION = YES;
				CLANG_WARN_DIRECT_OBJC_ISA_USAGE = YES_ERROR;
				CLANG_WARN_DOCUMENTATION_COMMENTS = YES;
				CLANG_WARN_EMPTY_BODY = YES;
				CLANG_WARN_ENUM_CONVERSION = YES;
				CLANG_WARN_INFINITE_RECURSION = YES;
				CLANG_WARN_INT_CONVERSION = YES;
				CLANG_WARN_OBJC_ROOT_CLASS = YES_ERROR;
				CLANG_WARN_SUSPICIOUS_MOVES = YES;
				CLANG_WARN_UNREACHABLE_CODE = YES;
				CLANG_WARN__DUPLICATE_METHOD_MATCH = YES;
				"CODE_SIGN_IDENTITY[sdk=iphoneos*]" = "iPhone Developer";
				COPY_PHASE_STRIP = NO;
				DEBUG_INFORMATION_FORMAT = "dwarf-with-dsym";
				ENABLE_NS_ASSERTIONS = NO;
				ENABLE_STRICT_OBJC_MSGSEND = YES;
				GCC_C_LANGUAGE_STANDARD = gnu99;
				GCC_NO_COMMON_BLOCKS = YES;
				GCC_WARN_64_TO_32_BIT_CONVERSION = YES;
				GCC_WARN_ABOUT_RETURN_TYPE = YES_ERROR;
				GCC_WARN_UNDECLARED_SELECTOR = YES;
				GCC_WARN_UNINITIALIZED_AUTOS = YES_AGGRESSIVE;
				GCC_WARN_UNUSED_FUNCTION = YES;
				GCC_WARN_UNUSED_VARIABLE = YES;
				IPHONEOS_DEPLOYMENT_TARGET = 10.0;
				MTL_ENABLE_DEBUG_INFO = NO;
				SDKROOT = iphoneos;
				TARGETED_DEVICE_FAMILY = "1,2";
				VALIDATE_PRODUCT = YES;
			};
			name = Release;
		};
		125FB9371DED08B70094D651 /* Debug */ = {
			isa = XCBuildConfiguration;
			buildSettings = {
				ASSETCATALOG_COMPILER_APPICON_NAME = AppIcon;
				DEVELOPMENT_TEAM = T6R7E23BTG;
				INFOPLIST_FILE = FoldingCell/Info.plist;
				LD_RUNPATH_SEARCH_PATHS = "$(inherited) @executable_path/Frameworks";
				PRODUCT_BUNDLE_IDENTIFIER = com.yxt.FoldingCell;
				PRODUCT_NAME = "$(TARGET_NAME)";
			};
			name = Debug;
		};
		125FB9381DED08B70094D651 /* Release */ = {
			isa = XCBuildConfiguration;
			buildSettings = {
				ASSETCATALOG_COMPILER_APPICON_NAME = AppIcon;
				DEVELOPMENT_TEAM = T6R7E23BTG;
				INFOPLIST_FILE = FoldingCell/Info.plist;
				LD_RUNPATH_SEARCH_PATHS = "$(inherited) @executable_path/Frameworks";
				PRODUCT_BUNDLE_IDENTIFIER = com.yxt.FoldingCell;
				PRODUCT_NAME = "$(TARGET_NAME)";
			};
			name = Release;
		};
/* End XCBuildConfiguration section */

/* Begin XCConfigurationList section */
		125FB91A1DED08B50094D651 /* Build configuration list for PBXProject "FoldingCell" */ = {
			isa = XCConfigurationList;
			buildConfigurations = (
				125FB9341DED08B70094D651 /* Debug */,
				125FB9351DED08B70094D651 /* Release */,
			);
			defaultConfigurationIsVisible = 0;
			defaultConfigurationName = Release;
		};
		125FB9361DED08B70094D651 /* Build configuration list for PBXNativeTarget "FoldingCell" */ = {
			isa = XCConfigurationList;
			buildConfigurations = (
				125FB9371DED08B70094D651 /* Debug */,
				125FB9381DED08B70094D651 /* Release */,
			);
			defaultConfigurationIsVisible = 0;
		};
/* End XCConfigurationList section */
	};
	rootObject = 125FB9171DED08B50094D651 /* Project object */;
}
